
Microsoft Visual Studio Solution File, Format Version 12.00
# Visual Studio 14
VisualStudioVersion = 14.0.25420.1
MinimumVisualStudioVersion = 10.0.40219.1
Project("{FAE04EC0-301F-11D3-BF4B-00C04F79EFBC}") = "View", "View\View.csproj", "{8BD70663-8B71-443B-B9C2-AA9E49E1088F}"
EndProject
Project("{FAE04EC0-301F-11D3-BF4B-00C04F79EFBC}") = "DataAccess", "DataAccess\DataAccess.csproj", "{CC1FD5B3-DD64-4773-B014-3DBCF2C3FB55}"
EndProject
Project("{FAE04EC0-301F-11D3-BF4B-00C04F79EFBC}") = "Model", "Model\Model.csproj", "{E7B32643-710E-4B8D-B4DA-4F9EE16A8655}"
EndProject
Project("{FAE04EC0-301F-11D3-BF4B-00C04F79EFBC}") = "WebDesingProcess", "WebDesingProcess\WebDesingProcess.csproj", "{B6EB1C74-310D-4D87-8830-1E17F6A7FD90}"
EndProject
Project("{FAE04EC0-301F-11D3-BF4B-00C04F79EFBC}") = "IMPORTEXCEL", "IMPORTEXCEL\IMPORTEXCEL.csproj", "{B2A1E881-3956-4FA1-8BD0-07FF215741DC}"
EndProject
Project("{FAE04EC0-301F-11D3-BF4B-00C04F79EFBC}") = "DProcess.Model.Test", "DProcess.Model.Test\DProcess.Model.Test.csproj", "{31A4755D-8B38-4C4E-9E27-5EC4523E6D72}"
EndProject
Project("{2150E333-8FDC-42A3-9474-1A3956D46DE8}") = "Solution Items", "Solution Items", "{0B472AF5-486F-440D-A5C9-7A6424F7C848}"
	ProjectSection(SolutionItems) = preProject
		WE-Palette.css = WE-Palette.css
	EndProjectSection
EndProject
Global
	GlobalSection(SolutionConfigurationPlatforms) = preSolution
		Debug|Any CPU = Debug|Any CPU
		Release|Any CPU = Release|Any CPU
	EndGlobalSection
	GlobalSection(ProjectConfigurationPlatforms) = postSolution
		{8BD70663-8B71-443B-B9C2-AA9E49E1088F}.Debug|Any CPU.ActiveCfg = Debug|Any CPU
		{8BD70663-8B71-443B-B9C2-AA9E49E1088F}.Debug|Any CPU.Build.0 = Debug|Any CPU
		{8BD70663-8B71-443B-B9C2-AA9E49E1088F}.Release|Any CPU.ActiveCfg = Release|Any CPU
		{8BD70663-8B71-443B-B9C2-AA9E49E1088F}.Release|Any CPU.Build.0 = Release|Any CPU
		{CC1FD5B3-DD64-4773-B014-3DBCF2C3FB55}.Debug|Any CPU.ActiveCfg = Debug|Any CPU
		{CC1FD5B3-DD64-4773-B014-3DBCF2C3FB55}.Debug|Any CPU.Build.0 = Debug|Any CPU
		{CC1FD5B3-DD64-4773-B014-3DBCF2C3FB55}.Release|Any CPU.ActiveCfg = Release|Any CPU
		{CC1FD5B3-DD64-4773-B014-3DBCF2C3FB55}.Release|Any CPU.Build.0 = Release|Any CPU
		{E7B32643-710E-4B8D-B4DA-4F9EE16A8655}.Debug|Any CPU.ActiveCfg = Debug|Any CPU
		{E7B32643-710E-4B8D-B4DA-4F9EE16A8655}.Debug|Any CPU.Build.0 = Debug|Any CPU
		{E7B32643-710E-4B8D-B4DA-4F9EE16A8655}.Release|Any CPU.ActiveCfg = Release|Any CPU
		{E7B32643-710E-4B8D-B4DA-4F9EE16A8655}.Release|Any CPU.Build.0 = Release|Any CPU
		{B6EB1C74-310D-4D87-8830-1E17F6A7FD90}.Debug|Any CPU.ActiveCfg = Debug|Any CPU
		{B6EB1C74-310D-4D87-8830-1E17F6A7FD90}.Debug|Any CPU.Build.0 = Debug|Any CPU
		{B6EB1C74-310D-4D87-8830-1E17F6A7FD90}.Release|Any CPU.ActiveCfg = Release|Any CPU
		{B6EB1C74-310D-4D87-8830-1E17F6A7FD90}.Release|Any CPU.Build.0 = Release|Any CPU
		{B2A1E881-3956-4FA1-8BD0-07FF215741DC}.Debug|Any CPU.ActiveCfg = Debug|Any CPU
		{B2A1E881-3956-4FA1-8BD0-07FF215741DC}.Debug|Any CPU.Build.0 = Debug|Any CPU
		{B2A1E881-3956-4FA1-8BD0-07FF215741DC}.Release|Any CPU.ActiveCfg = Release|Any CPU
		{B2A1E881-3956-4FA1-8BD0-07FF215741DC}.Release|Any CPU.Build.0 = Release|Any CPU
		{31A4755D-8B38-4C4E-9E27-5EC4523E6D72}.Debug|Any CPU.ActiveCfg = Debug|Any CPU
		{31A4755D-8B38-4C4E-9E27-5EC4523E6D72}.Debug|Any CPU.Build.0 = Debug|Any CPU
		{31A4755D-8B38-4C4E-9E27-5EC4523E6D72}.Release|Any CPU.ActiveCfg = Release|Any CPU
		{31A4755D-8B38-4C4E-9E27-5EC4523E6D72}.Release|Any CPU.Build.0 = Release|Any CPU
	EndGlobalSection
	GlobalSection(SolutionProperties) = preSolution
		HideSolutionNode = FALSE
	EndGlobalSection
EndGlobal
